
Microsoft Visual Studio Solution File, Format Version 12.00
# Visual Studio Version 18
VisualStudioVersion = 18.1.11304.174
MinimumVisualStudioVersion = 10.0.40219.1
Project("{2150E333-8FDC-42A3-9474-1A3956D46DE8}") = "src", "src", "{827E0CD3-B72D-47B6-A68D-7590B98EB39B}"
EndProject
Project("{2150E333-8FDC-42A3-9474-1A3956D46DE8}") = "services", "services", "{984BB9B3-3FA3-BE33-9484-CAC21695A33C}"
EndProject
Project("{2150E333-8FDC-42A3-9474-1A3956D46DE8}") = "identity", "identity", "{1BFC9479-12BF-35C3-06B8-42D89D95092B}"
EndProject
Project("{2150E333-8FDC-42A3-9474-1A3956D46DE8}") = "IdentityService", "IdentityService", "{962BF0F0-D9BA-2214-DADB-2E58B75A099C}"
EndProject
Project("{FAE04EC0-301F-11D3-BF4B-00C04F79EFBC}") = "IdentityService.Api", "src\services\identity\IdentityService\IdentityService.Api\IdentityService.Api.csproj", "{92304B23-2D87-43E1-ABC7-EA40DD5BC65D}"
EndProject
Project("{FAE04EC0-301F-11D3-BF4B-00C04F79EFBC}") = "IdentityService.Application", "src\services\identity\IdentityService\IdentityService.Application\IdentityService.Application.csproj", "{CA144CC9-5F64-4659-B37C-3EACDBC57F41}"
EndProject
Project("{FAE04EC0-301F-11D3-BF4B-00C04F79EFBC}") = "IdentityService.Domain", "src\services\identity\IdentityService\IdentityService.Domain\IdentityService.Domain.csproj", "{036CA5AA-9EA0-4B16-BF57-14E749962964}"
EndProject
Project("{FAE04EC0-301F-11D3-BF4B-00C04F79EFBC}") = "IdentityService.Infrastructure", "src\services\identity\IdentityService\IdentityService.Infrastructure\IdentityService.Infrastructure.csproj", "{15B5608D-D044-4F92-9594-7FF6214D2D84}"
EndProject
Project("{2150E333-8FDC-42A3-9474-1A3956D46DE8}") = "tests", "tests", "{0AB3BF05-4346-4AA6-1389-037BE0695223}"
EndProject
Project("{2150E333-8FDC-42A3-9474-1A3956D46DE8}") = "identity", "identity", "{391CE2F5-AE47-7A9A-F474-4847BE99435E}"
EndProject
Project("{FAE04EC0-301F-11D3-BF4B-00C04F79EFBC}") = "IdentityService.UnitTests", "tests\identity\IdentityService.UnitTests\IdentityService.UnitTests.csproj", "{E008A711-073B-4F74-A785-FD0C92385BE6}"
EndProject
Project("{2150E333-8FDC-42A3-9474-1A3956D46DE8}") = "wallet", "wallet", "{C840EF1C-B1D5-CC90-AC94-0265262998E1}"
EndProject
Project("{2150E333-8FDC-42A3-9474-1A3956D46DE8}") = "WalletService", "WalletService", "{0F723E93-0E0F-1258-C312-D1CDB9FE25D4}"
EndProject
Project("{FAE04EC0-301F-11D3-BF4B-00C04F79EFBC}") = "WalletService.Api", "src\services\wallet\WalletService\WalletService.Api\WalletService.Api.csproj", "{97B811AB-D430-4E71-BA0F-89A637CF2B40}"
EndProject
Project("{FAE04EC0-301F-11D3-BF4B-00C04F79EFBC}") = "WalletService.Application", "src\services\wallet\WalletService\WalletService.Application\WalletService.Application.csproj", "{D6C74CCC-FFD2-427E-BD70-F444F561D96F}"
EndProject
Project("{FAE04EC0-301F-11D3-BF4B-00C04F79EFBC}") = "WalletService.Domain", "src\services\wallet\WalletService\WalletService.Domain\WalletService.Domain.csproj", "{AEDA6855-5EFA-4994-BBFD-D36B659552EA}"
EndProject
Project("{FAE04EC0-301F-11D3-BF4B-00C04F79EFBC}") = "WalletService.Infrastructure", "src\services\wallet\WalletService\WalletService.Infrastructure\WalletService.Infrastructure.csproj", "{6B1E4567-9C34-4AD9-B464-08635652CF0B}"
EndProject
Project("{2150E333-8FDC-42A3-9474-1A3956D46DE8}") = "wallet", "wallet", "{0BF3590A-8E22-8884-1021-9234ACB4C826}"
EndProject
Project("{FAE04EC0-301F-11D3-BF4B-00C04F79EFBC}") = "WalletService.UnitTests", "tests\wallet\WalletService.UnitTests\WalletService.UnitTests.csproj", "{116D0727-A97F-47ED-BDB8-29F5D2C4E495}"
EndProject
Global
	GlobalSection(SolutionConfigurationPlatforms) = preSolution
		Debug|Any CPU = Debug|Any CPU
		Debug|x64 = Debug|x64
		Debug|x86 = Debug|x86
		Release|Any CPU = Release|Any CPU
		Release|x64 = Release|x64
		Release|x86 = Release|x86
	EndGlobalSection
	GlobalSection(ProjectConfigurationPlatforms) = postSolution
		{92304B23-2D87-43E1-ABC7-EA40DD5BC65D}.Debug|Any CPU.ActiveCfg = Debug|Any CPU
		{92304B23-2D87-43E1-ABC7-EA40DD5BC65D}.Debug|Any CPU.Build.0 = Debug|Any CPU
		{92304B23-2D87-43E1-ABC7-EA40DD5BC65D}.Debug|x64.ActiveCfg = Debug|Any CPU
		{92304B23-2D87-43E1-ABC7-EA40DD5BC65D}.Debug|x64.Build.0 = Debug|Any CPU
		{92304B23-2D87-43E1-ABC7-EA40DD5BC65D}.Debug|x86.ActiveCfg = Debug|Any CPU
		{92304B23-2D87-43E1-ABC7-EA40DD5BC65D}.Debug|x86.Build.0 = Debug|Any CPU
		{92304B23-2D87-43E1-ABC7-EA40DD5BC65D}.Release|Any CPU.ActiveCfg = Release|Any CPU
		{92304B23-2D87-43E1-ABC7-EA40DD5BC65D}.Release|Any CPU.Build.0 = Release|Any CPU
		{92304B23-2D87-43E1-ABC7-EA40DD5BC65D}.Release|x64.ActiveCfg = Release|Any CPU
		{92304B23-2D87-43E1-ABC7-EA40DD5BC65D}.Release|x64.Build.0 = Release|Any CPU
		{92304B23-2D87-43E1-ABC7-EA40DD5BC65D}.Release|x86.ActiveCfg = Release|Any CPU
		{92304B23-2D87-43E1-ABC7-EA40DD5BC65D}.Release|x86.Build.0 = Release|Any CPU
		{CA144CC9-5F64-4659-B37C-3EACDBC57F41}.Debug|Any CPU.ActiveCfg = Debug|Any CPU
		{CA144CC9-5F64-4659-B37C-3EACDBC57F41}.Debug|Any CPU.Build.0 = Debug|Any CPU
		{CA144CC9-5F64-4659-B37C-3EACDBC57F41}.Debug|x64.ActiveCfg = Debug|Any CPU
		{CA144CC9-5F64-4659-B37C-3EACDBC57F41}.Debug|x64.Build.0 = Debug|Any CPU
		{CA144CC9-5F64-4659-B37C-3EACDBC57F41}.Debug|x86.ActiveCfg = Debug|Any CPU
		{CA144CC9-5F64-4659-B37C-3EACDBC57F41}.Debug|x86.Build.0 = Debug|Any CPU
		{CA144CC9-5F64-4659-B37C-3EACDBC57F41}.Release|Any CPU.ActiveCfg = Release|Any CPU
		{CA144CC9-5F64-4659-B37C-3EACDBC57F41}.Release|Any CPU.Build.0 = Release|Any CPU
		{CA144CC9-5F64-4659-B37C-3EACDBC57F41}.Release|x64.ActiveCfg = Release|Any CPU
		{CA144CC9-5F64-4659-B37C-3EACDBC57F41}.Release|x64.Build.0 = Release|Any CPU
		{CA144CC9-5F64-4659-B37C-3EACDBC57F41}.Release|x86.ActiveCfg = Release|Any CPU
		{CA144CC9-5F64-4659-B37C-3EACDBC57F41}.Release|x86.Build.0 = Release|Any CPU
		{036CA5AA-9EA0-4B16-BF57-14E749962964}.Debug|Any CPU.ActiveCfg = Debug|Any CPU
		{036CA5AA-9EA0-4B16-BF57-14E749962964}.Debug|Any CPU.Build.0 = Debug|Any CPU
		{036CA5AA-9EA0-4B16-BF57-14E749962964}.Debug|x64.ActiveCfg = Debug|Any CPU
		{036CA5AA-9EA0-4B16-BF57-14E749962964}.Debug|x64.Build.0 = Debug|Any CPU
		{036CA5AA-9EA0-4B16-BF57-14E749962964}.Debug|x86.ActiveCfg = Debug|Any CPU
		{036CA5AA-9EA0-4B16-BF57-14E749962964}.Debug|x86.Build.0 = Debug|Any CPU
		{036CA5AA-9EA0-4B16-BF57-14E749962964}.Release|Any CPU.ActiveCfg = Release|Any CPU
		{036CA5AA-9EA0-4B16-BF57-14E749962964}.Release|Any CPU.Build.0 = Release|Any CPU
		{036CA5AA-9EA0-4B16-BF57-14E749962964}.Release|x64.ActiveCfg = Release|Any CPU
		{036CA5AA-9EA0-4B16-BF57-14E749962964}.Release|x64.Build.0 = Release|Any CPU
		{036CA5AA-9EA0-4B16-BF57-14E749962964}.Release|x86.ActiveCfg = Release|Any CPU
		{036CA5AA-9EA0-4B16-BF57-14E749962964}.Release|x86.Build.0 = Release|Any CPU
		{15B5608D-D044-4F92-9594-7FF6214D2D84}.Debug|Any CPU.ActiveCfg = Debug|Any CPU
		{15B5608D-D044-4F92-9594-7FF6214D2D84}.Debug|Any CPU.Build.0 = Debug|Any CPU
		{15B5608D-D044-4F92-9594-7FF6214D2D84}.Debug|x64.ActiveCfg = Debug|Any CPU
		{15B5608D-D044-4F92-9594-7FF6214D2D84}.Debug|x64.Build.0 = Debug|Any CPU
		{15B5608D-D044-4F92-9594-7FF6214D2D84}.Debug|x86.ActiveCfg = Debug|Any CPU
		{15B5608D-D044-4F92-9594-7FF6214D2D84}.Debug|x86.Build.0 = Debug|Any CPU
		{15B5608D-D044-4F92-9594-7FF6214D2D84}.Release|Any CPU.ActiveCfg = Release|Any CPU
		{15B5608D-D044-4F92-9594-7FF6214D2D84}.Release|Any CPU.Build.0 = Release|Any CPU
		{15B5608D-D044-4F92-9594-7FF6214D2D84}.Release|x64.ActiveCfg = Release|Any CPU
		{15B5608D-D044-4F92-9594-7FF6214D2D84}.Release|x64.Build.0 = Release|Any CPU
		{15B5608D-D044-4F92-9594-7FF6214D2D84}.Release|x86.ActiveCfg = Release|Any CPU
		{15B5608D-D044-4F92-9594-7FF6214D2D84}.Release|x86.Build.0 = Release|Any CPU
		{E008A711-073B-4F74-A785-FD0C92385BE6}.Debug|Any CPU.ActiveCfg = Debug|Any CPU
		{E008A711-073B-4F74-A785-FD0C92385BE6}.Debug|Any CPU.Build.0 = Debug|Any CPU
		{E008A711-073B-4F74-A785-FD0C92385BE6}.Debug|x64.ActiveCfg = Debug|Any CPU
		{E008A711-073B-4F74-A785-FD0C92385BE6}.Debug|x64.Build.0 = Debug|Any CPU
		{E008A711-073B-4F74-A785-FD0C92385BE6}.Debug|x86.ActiveCfg = Debug|Any CPU
		{E008A711-073B-4F74-A785-FD0C92385BE6}.Debug|x86.Build.0 = Debug|Any CPU
		{E008A711-073B-4F74-A785-FD0C92385BE6}.Release|Any CPU.ActiveCfg = Release|Any CPU
		{E008A711-073B-4F74-A785-FD0C92385BE6}.Release|Any CPU.Build.0 = Release|Any CPU
		{E008A711-073B-4F74-A785-FD0C92385BE6}.Release|x64.ActiveCfg = Release|Any CPU
		{E008A711-073B-4F74-A785-FD0C92385BE6}.Release|x64.Build.0 = Release|Any CPU
		{E008A711-073B-4F74-A785-FD0C92385BE6}.Release|x86.ActiveCfg = Release|Any CPU
		{E008A711-073B-4F74-A785-FD0C92385BE6}.Release|x86.Build.0 = Release|Any CPU
		{97B811AB-D430-4E71-BA0F-89A637CF2B40}.Debug|Any CPU.ActiveCfg = Debug|Any CPU
		{97B811AB-D430-4E71-BA0F-89A637CF2B40}.Debug|Any CPU.Build.0 = Debug|Any CPU
		{97B811AB-D430-4E71-BA0F-89A637CF2B40}.Debug|x64.ActiveCfg = Debug|Any CPU
		{97B811AB-D430-4E71-BA0F-89A637CF2B40}.Debug|x64.Build.0 = Debug|Any CPU
		{97B811AB-D430-4E71-BA0F-89A637CF2B40}.Debug|x86.ActiveCfg = Debug|Any CPU
		{97B811AB-D430-4E71-BA0F-89A637CF2B40}.Debug|x86.Build.0 = Debug|Any CPU
		{97B811AB-D430-4E71-BA0F-89A637CF2B40}.Release|Any CPU.ActiveCfg = Release|Any CPU
		{97B811AB-D430-4E71-BA0F-89A637CF2B40}.Release|Any CPU.Build.0 = Release|Any CPU
		{97B811AB-D430-4E71-BA0F-89A637CF2B40}.Release|x64.ActiveCfg = Release|Any CPU
		{97B811AB-D430-4E71-BA0F-89A637CF2B40}.Release|x64.Build.0 = Release|Any CPU
		{97B811AB-D430-4E71-BA0F-89A637CF2B40}.Release|x86.ActiveCfg = Release|Any CPU
		{97B811AB-D430-4E71-BA0F-89A637CF2B40}.Release|x86.Build.0 = Release|Any CPU
		{D6C74CCC-FFD2-427E-BD70-F444F561D96F}.Debug|Any CPU.ActiveCfg = Debug|Any CPU
		{D6C74CCC-FFD2-427E-BD70-F444F561D96F}.Debug|Any CPU.Build.0 = Debug|Any CPU
		{D6C74CCC-FFD2-427E-BD70-F444F561D96F}.Debug|x64.ActiveCfg = Debug|Any CPU
		{D6C74CCC-FFD2-427E-BD70-F444F561D96F}.Debug|x64.Build.0 = Debug|Any CPU
		{D6C74CCC-FFD2-427E-BD70-F444F561D96F}.Debug|x86.ActiveCfg = Debug|Any CPU
		{D6C74CCC-FFD2-427E-BD70-F444F561D96F}.Debug|x86.Build.0 = Debug|Any CPU
		{D6C74CCC-FFD2-427E-BD70-F444F561D96F}.Release|Any CPU.ActiveCfg = Release|Any CPU
		{D6C74CCC-FFD2-427E-BD70-F444F561D96F}.Release|Any CPU.Build.0 = Release|Any CPU
		{D6C74CCC-FFD2-427E-BD70-F444F561D96F}.Release|x64.ActiveCfg = Release|Any CPU
		{D6C74CCC-FFD2-427E-BD70-F444F561D96F}.Release|x64.Build.0 = Release|Any CPU
		{D6C74CCC-FFD2-427E-BD70-F444F561D96F}.Release|x86.ActiveCfg = Release|Any CPU
		{D6C74CCC-FFD2-427E-BD70-F444F561D96F}.Release|x86.Build.0 = Release|Any CPU
		{AEDA6855-5EFA-4994-BBFD-D36B659552EA}.Debug|Any CPU.ActiveCfg = Debug|Any CPU
		{AEDA6855-5EFA-4994-BBFD-D36B659552EA}.Debug|Any CPU.Build.0 = Debug|Any CPU
		{AEDA6855-5EFA-4994-BBFD-D36B659552EA}.Debug|x64.ActiveCfg = Debug|Any CPU
		{AEDA6855-5EFA-4994-BBFD-D36B659552EA}.Debug|x64.Build.0 = Debug|Any CPU
		{AEDA6855-5EFA-4994-BBFD-D36B659552EA}.Debug|x86.ActiveCfg = Debug|Any CPU
		{AEDA6855-5EFA-4994-BBFD-D36B659552EA}.Debug|x86.Build.0 = Debug|Any CPU
		{AEDA6855-5EFA-4994-BBFD-D36B659552EA}.Release|Any CPU.ActiveCfg = Release|Any CPU
		{AEDA6855-5EFA-4994-BBFD-D36B659552EA}.Release|Any CPU.Build.0 = Release|Any CPU
		{AEDA6855-5EFA-4994-BBFD-D36B659552EA}.Release|x64.ActiveCfg = Release|Any CPU
		{AEDA6855-5EFA-4994-BBFD-D36B659552EA}.Release|x64.Build.0 = Release|Any CPU
		{AEDA6855-5EFA-4994-BBFD-D36B659552EA}.Release|x86.ActiveCfg = Release|Any CPU
		{AEDA6855-5EFA-4994-BBFD-D36B659552EA}.Release|x86.Build.0 = Release|Any CPU
		{6B1E4567-9C34-4AD9-B464-08635652CF0B}.Debug|Any CPU.ActiveCfg = Debug|Any CPU
		{6B1E4567-9C34-4AD9-B464-08635652CF0B}.Debug|Any CPU.Build.0 = Debug|Any CPU
		{6B1E4567-9C34-4AD9-B464-08635652CF0B}.Debug|x64.ActiveCfg = Debug|Any CPU
		{6B1E4567-9C34-4AD9-B464-08635652CF0B}.Debug|x64.Build.0 = Debug|Any CPU
		{6B1E4567-9C34-4AD9-B464-08635652CF0B}.Debug|x86.ActiveCfg = Debug|Any CPU
		{6B1E4567-9C34-4AD9-B464-08635652CF0B}.Debug|x86.Build.0 = Debug|Any CPU
		{6B1E4567-9C34-4AD9-B464-08635652CF0B}.Release|Any CPU.ActiveCfg = Release|Any CPU
		{6B1E4567-9C34-4AD9-B464-08635652CF0B}.Release|Any CPU.Build.0 = Release|Any CPU
		{6B1E4567-9C34-4AD9-B464-08635652CF0B}.Release|x64.ActiveCfg = Release|Any CPU
		{6B1E4567-9C34-4AD9-B464-08635652CF0B}.Release|x64.Build.0 = Release|Any CPU
		{6B1E4567-9C34-4AD9-B464-08635652CF0B}.Release|x86.ActiveCfg = Release|Any CPU
		{6B1E4567-9C34-4AD9-B464-08635652CF0B}.Release|x86.Build.0 = Release|Any CPU
		{116D0727-A97F-47ED-BDB8-29F5D2C4E495}.Debug|Any CPU.ActiveCfg = Debug|Any CPU
		{116D0727-A97F-47ED-BDB8-29F5D2C4E495}.Debug|Any CPU.Build.0 = Debug|Any CPU
		{116D0727-A97F-47ED-BDB8-29F5D2C4E495}.Debug|x64.ActiveCfg = Debug|Any CPU
		{116D0727-A97F-47ED-BDB8-29F5D2C4E495}.Debug|x64.Build.0 = Debug|Any CPU
		{116D0727-A97F-47ED-BDB8-29F5D2C4E495}.Debug|x86.ActiveCfg = Debug|Any CPU
		{116D0727-A97F-47ED-BDB8-29F5D2C4E495}.Debug|x86.Build.0 = Debug|Any CPU
		{116D0727-A97F-47ED-BDB8-29F5D2C4E495}.Release|Any CPU.ActiveCfg = Release|Any CPU
		{116D0727-A97F-47ED-BDB8-29F5D2C4E495}.Release|Any CPU.Build.0 = Release|Any CPU
		{116D0727-A97F-47ED-BDB8-29F5D2C4E495}.Release|x64.ActiveCfg = Release|Any CPU
		{116D0727-A97F-47ED-BDB8-29F5D2C4E495}.Release|x64.Build.0 = Release|Any CPU
		{116D0727-A97F-47ED-BDB8-29F5D2C4E495}.Release|x86.ActiveCfg = Release|Any CPU
		{116D0727-A97F-47ED-BDB8-29F5D2C4E495}.Release|x86.Build.0 = Release|Any CPU
	EndGlobalSection
	GlobalSection(SolutionProperties) = preSolution
		HideSolutionNode = FALSE
	EndGlobalSection
	GlobalSection(NestedProjects) = preSolution
		{984BB9B3-3FA3-BE33-9484-CAC21695A33C} = {827E0CD3-B72D-47B6-A68D-7590B98EB39B}
		{1BFC9479-12BF-35C3-06B8-42D89D95092B} = {984BB9B3-3FA3-BE33-9484-CAC21695A33C}
		{962BF0F0-D9BA-2214-DADB-2E58B75A099C} = {1BFC9479-12BF-35C3-06B8-42D89D95092B}
		{92304B23-2D87-43E1-ABC7-EA40DD5BC65D} = {962BF0F0-D9BA-2214-DADB-2E58B75A099C}
		{CA144CC9-5F64-4659-B37C-3EACDBC57F41} = {962BF0F0-D9BA-2214-DADB-2E58B75A099C}
		{036CA5AA-9EA0-4B16-BF57-14E749962964} = {962BF0F0-D9BA-2214-DADB-2E58B75A099C}
		{15B5608D-D044-4F92-9594-7FF6214D2D84} = {962BF0F0-D9BA-2214-DADB-2E58B75A099C}
		{391CE2F5-AE47-7A9A-F474-4847BE99435E} = {0AB3BF05-4346-4AA6-1389-037BE0695223}
		{E008A711-073B-4F74-A785-FD0C92385BE6} = {391CE2F5-AE47-7A9A-F474-4847BE99435E}
		{C840EF1C-B1D5-CC90-AC94-0265262998E1} = {984BB9B3-3FA3-BE33-9484-CAC21695A33C}
		{0F723E93-0E0F-1258-C312-D1CDB9FE25D4} = {C840EF1C-B1D5-CC90-AC94-0265262998E1}
		{97B811AB-D430-4E71-BA0F-89A637CF2B40} = {0F723E93-0E0F-1258-C312-D1CDB9FE25D4}
		{D6C74CCC-FFD2-427E-BD70-F444F561D96F} = {0F723E93-0E0F-1258-C312-D1CDB9FE25D4}
		{AEDA6855-5EFA-4994-BBFD-D36B659552EA} = {0F723E93-0E0F-1258-C312-D1CDB9FE25D4}
		{6B1E4567-9C34-4AD9-B464-08635652CF0B} = {0F723E93-0E0F-1258-C312-D1CDB9FE25D4}
		{0BF3590A-8E22-8884-1021-9234ACB4C826} = {0AB3BF05-4346-4AA6-1389-037BE0695223}
		{116D0727-A97F-47ED-BDB8-29F5D2C4E495} = {0BF3590A-8E22-8884-1021-9234ACB4C826}
	EndGlobalSection
	GlobalSection(ExtensibilityGlobals) = postSolution
		SolutionGuid = {8495074E-0CC2-42D1-A7FC-897C8CAD640E}
	EndGlobalSection
EndGlobal
